{
  "nodes": {
    "call-flake": {
      "locked": {
        "lastModified": 1738460849,
        "narHash": "sha256-11/dQG/vjpfMi4D7ku2o1UtUMf8Sud0KJ/Le44zHIc8=",
        "owner": "divnix",
        "repo": "call-flake",
        "rev": "19a3a3b5867e15d1ea7029bf32cac796ff2ff671",
        "type": "github"
      },
      "original": {
        "owner": "divnix",
        "repo": "call-flake",
        "type": "github"
      }
    },
    "cl-nix-lite": {
      "locked": {
        "lastModified": 1728174978,
        "narHash": "sha256-Grqqg+xuicANB85j0gNEXxi9SBKY7bzGeTuyi95eGcY=",
        "owner": "hraban",
        "repo": "cl-nix-lite",
        "rev": "31cfe6275c341eb3120a99f4b1c8516c49a29d87",
        "type": "github"
      },
      "original": {
        "owner": "hraban",
        "repo": "cl-nix-lite",
        "type": "github"
      }
    },
    "flake-compat": {
      "flake": false,
      "locked": {
        "lastModified": 1730663653,
        "narHash": "sha256-kFCUWettiFHDIqxCWWQ9qY8pVh+Lj+XL0Giyy/kdomg=",
        "owner": "hraban",
        "repo": "flake-compat",
        "rev": "e5b16676185cb7548581c852f51ce7f3a49bba5e",
        "type": "github"
      },
      "original": {
        "owner": "hraban",
        "repo": "flake-compat",
        "type": "github"
      }
    },
    "flake-utils": {
      "inputs": {
        "systems": [
          "systems"
        ]
      },
      "locked": {
        "lastModified": 1731533236,
        "narHash": "sha256-l0KFg5HjrsfsO/JpG+r7fRrqm12kzFHyUHqHCVpMMbI=",
        "owner": "numtide",
        "repo": "flake-utils",
        "rev": "11707dc2f618dd54ca8739b309ec4fc024de578b",
        "type": "github"
      },
      "original": {
        "owner": "numtide",
        "repo": "flake-utils",
        "type": "github"
      }
    },
    "flake-utils-plus": {
      "inputs": {
        "flake-utils": [
          "flake-utils"
        ]
      },
      "locked": {
        "lastModified": 1722363685,
        "narHash": "sha256-XCf2PIAT6lH7BwytgioPmVf/wkzXjSKScC4KzcZgb64=",
        "owner": "gytis-ivaskevicius",
        "repo": "flake-utils-plus",
        "rev": "6b10f51ff73a66bb29f3bc8151a59d217713f496",
        "type": "github"
      },
      "original": {
        "owner": "gytis-ivaskevicius",
        "repo": "flake-utils-plus",
        "type": "github"
      }
    },
    "home-manager": {
      "inputs": {
        "nixpkgs": [
          "nixpkgs"
        ]
      },
      "locked": {
        "lastModified": 1738448366,
        "narHash": "sha256-4ATtQqBlgsGqkHTemta0ydY6f7JBRXz4Hf574NHQpkg=",
        "owner": "nix-community",
        "repo": "home-manager",
        "rev": "18fa9f323d8adbb0b7b8b98a8488db308210ed93",
        "type": "github"
      },
      "original": {
        "owner": "nix-community",
        "repo": "home-manager",
        "type": "github"
      }
    },
    "mac-app-utils": {
      "inputs": {
        "cl-nix-lite": "cl-nix-lite",
        "flake-compat": [
          "flake-compat"
        ],
        "flake-utils": [
          "flake-utils"
        ],
        "nixpkgs": [
          "nixpkgs"
        ],
        "systems": [
          "systems"
        ]
      },
      "locked": {
        "lastModified": 1732920695,
        "narHash": "sha256-1fxvJZUznwrmEtYqpPuWi2tPcL9kj6v7p1J7ZZncAPE=",
        "owner": "hraban",
        "repo": "mac-app-util",
        "rev": "548672d0cb661ce11d08ee8bde92b87d2a75c872",
        "type": "github"
      },
      "original": {
        "owner": "hraban",
        "repo": "mac-app-util",
        "type": "github"
      }
    },
    "nix-darwin": {
      "inputs": {
        "nixpkgs": [
          "nixpkgs"
        ]
      },
      "locked": {
        "lastModified": 1738277753,
        "narHash": "sha256-iyFcCOk0mmDiv4ut9mBEuMxMZIym3++0qN1rQBg8FW0=",
        "owner": "LnL7",
        "repo": "nix-darwin",
        "rev": "49b807fa7c37568d7fbe2aeaafb9255c185412f9",
        "type": "github"
      },
      "original": {
        "owner": "LnL7",
        "repo": "nix-darwin",
        "type": "github"
      }
    },
    "nix-vscode-extensions": {
      "inputs": {
        "flake-compat": [
          "flake-compat"
        ],
        "flake-utils": [
          "flake-utils"
        ],
        "nixpkgs": [
          "nixpkgs"
        ]
      },
      "locked": {
        "lastModified": 1738547248,
        "narHash": "sha256-ALPkA9L4G0j7piorEyeQ7zf6fW4vii4ULxRZBXmeKYM=",
        "owner": "nix-community",
        "repo": "nix-vscode-extensions",
        "rev": "bfacd5e2786caf61da0ad956728559dd6c1e8037",
        "type": "github"
      },
      "original": {
        "owner": "nix-community",
        "repo": "nix-vscode-extensions",
        "type": "github"
      }
    },
    "nixpkgs": {
      "locked": {
        "lastModified": 1738410390,
        "narHash": "sha256-xvTo0Aw0+veek7hvEVLzErmJyQkEcRk6PSR4zsRQFEc=",
        "owner": "nixos",
        "repo": "nixpkgs",
        "rev": "3a228057f5b619feb3186e986dbe76278d707b6e",
        "type": "github"
      },
      "original": {
        "owner": "nixos",
        "ref": "nixos-unstable",
        "repo": "nixpkgs",
        "type": "github"
      }
    },
    "root": {
      "inputs": {
        "call-flake": "call-flake",
        "flake-compat": "flake-compat",
        "flake-utils": "flake-utils",
        "flake-utils-plus": "flake-utils-plus",
        "home-manager": "home-manager",
        "mac-app-utils": "mac-app-utils",
        "nix-darwin": "nix-darwin",
        "nix-vscode-extensions": "nix-vscode-extensions",
        "nixpkgs": "nixpkgs",
        "systems": "systems"
      }
    },
    "systems": {
      "locked": {
        "lastModified": 1680978170,
        "narHash": "sha256-PHVNQ7y0EQYzujQRYoRdb96K0m1KSeAjSrbz2b75S6Q=",
        "owner": "nix-systems",
        "repo": "aarch64-darwin",
        "rev": "75e6c6912484d28ebba5769b794ffa4aff653ba2",
        "type": "github"
      },
      "original": {
        "owner": "nix-systems",
        "repo": "aarch64-darwin",
        "type": "github"
      }
    }
  },
  "root": "root",
  "version": 7
}
